Microsoft Visual Studio Solution File, Format Version 12.00
# Visual Studio 15
VisualStudioVersion = 15.0.28307.489
MinimumVisualStudioVersion = 10.0.40219.1
Project("{FAE04EC0-301F-11D3-BF4B-00C04F79EFBC}") = "CyberSource.Authentication", "src\CyberSource.Authentication\CyberSource.Authentication.csproj", "{5867E282-4788-4432-BEF0-0F12283894F0}"
EndProject
Project("{2150E333-8FDC-42A3-9474-1A3956D46DE8}") = "src", "src", "{FADABB31-AD70-41C4-9138-48688B7D7B26}"
EndProject
Global
	GlobalSection(SolutionConfigurationPlatforms) = preSolution
		Debug|Any CPU = Debug|Any CPU
		Release|Any CPU = Release|Any CPU
	EndGlobalSection
	GlobalSection(ProjectConfigurationPlatforms) = postSolution
		{5867E282-4788-4432-BEF0-0F12283894F0}.Debug|Any CPU.ActiveCfg = Debug|Any CPU
		{5867E282-4788-4432-BEF0-0F12283894F0}.Debug|Any CPU.Build.0 = Debug|Any CPU
		{5867E282-4788-4432-BEF0-0F12283894F0}.Release|Any CPU.ActiveCfg = Release|Any CPU
		{5867E282-4788-4432-BEF0-0F12283894F0}.Release|Any CPU.Build.0 = Release|Any CPU
	EndGlobalSection
	GlobalSection(SolutionProperties) = preSolution
		HideSolutionNode = FALSE
	EndGlobalSection
	GlobalSection(NestedProjects) = preSolution
		{5867E282-4788-4432-BEF0-0F12283894F0} = {FADABB31-AD70-41C4-9138-48688B7D7B26}
	EndGlobalSection
	GlobalSection(ExtensibilityGlobals) = postSolution
		SolutionGuid = {7D2D1A76-3943-4FD9-BEA3-134CE7C5C79F}
	EndGlobalSection
EndGlobal
